
Microsoft Visual Studio Solution File, Format Version 12.00
# Visual Studio Version 17
VisualStudioVersion = 17.5.33530.505
MinimumVisualStudioVersion = 10.0.40219.1
Project("{FAE04EC0-301F-11D3-BF4B-00C04F79EFBC}") = "HomeWork_Week8_Guga", "HomeWork_Week8_Guga.csproj", "{A341FC44-71AD-4D7F-9467-EEBB4AB7BE79}"
EndProject
Global
	GlobalSection(SolutionConfigurationPlatforms) = preSolution
		Debug|Any CPU = Debug|Any CPU
		Release|Any CPU = Release|Any CPU
	EndGlobalSection
	GlobalSection(ProjectConfigurationPlatforms) = postSolution
		{A341FC44-71AD-4D7F-9467-EEBB4AB7BE79}.Debug|Any CPU.ActiveCfg = Debug|Any CPU
		{A341FC44-71AD-4D7F-9467-EEBB4AB7BE79}.Debug|Any CPU.Build.0 = Debug|Any CPU
		{A341FC44-71AD-4D7F-9467-EEBB4AB7BE79}.Release|Any CPU.ActiveCfg = Release|Any CPU
		{A341FC44-71AD-4D7F-9467-EEBB4AB7BE79}.Release|Any CPU.Build.0 = Release|Any CPU
	EndGlobalSection
	GlobalSection(SolutionProperties) = preSolution
		HideSolutionNode = FALSE
	EndGlobalSection
	GlobalSection(ExtensibilityGlobals) = postSolution
		SolutionGuid = {D82DDA58-E428-466E-87EB-0559AB8C8627}
	EndGlobalSection
EndGlobal
